
Microsoft Visual Studio Solution File, Format Version 12.00
# Visual Studio Version 17
VisualStudioVersion = 17.8.34330.188
MinimumVisualStudioVersion = 10.0.40219.1
Project("{9A19103F-16F7-4668-BE54-9A1E7A4F7556}") = "LaboBibliotheque-DB", "LaboBibliotheque\LaboBibliotheque-DB.csproj", "{961EE77F-0505-4727-8637-1F2951E39787}"
EndProject
Project("{FAE04EC0-301F-11D3-BF4B-00C04F79EFBC}") = "LaboBibliotheque-API", "LaboBibliotheque-API\LaboBibliotheque-API.csproj", "{A5637266-DC87-4247-86BD-2DFFC038924F}"
EndProject
Project("{FAE04EC0-301F-11D3-BF4B-00C04F79EFBC}") = "LaboBibliotheque-Common", "LaboBibliotheque-Common\LaboBibliotheque-Common.csproj", "{A9DF0727-5647-4CBB-A84C-9F3CCE075405}"
EndProject
Project("{FAE04EC0-301F-11D3-BF4B-00C04F79EFBC}") = "LaboBibliotheque-BLL", "LaboBibliotheque-BLL\LaboBibliotheque-BLL.csproj", "{FB152630-E574-45DE-9FF4-D47F226AC561}"
EndProject
Global
	GlobalSection(SolutionConfigurationPlatforms) = preSolution
		Debug|Any CPU = Debug|Any CPU
		Release|Any CPU = Release|Any CPU
	EndGlobalSection
	GlobalSection(ProjectConfigurationPlatforms) = postSolution
		{961EE77F-0505-4727-8637-1F2951E39787}.Debug|Any CPU.ActiveCfg = Debug|Any CPU
		{961EE77F-0505-4727-8637-1F2951E39787}.Debug|Any CPU.Build.0 = Debug|Any CPU
		{961EE77F-0505-4727-8637-1F2951E39787}.Release|Any CPU.ActiveCfg = Release|Any CPU
		{961EE77F-0505-4727-8637-1F2951E39787}.Release|Any CPU.Build.0 = Release|Any CPU
		{A5637266-DC87-4247-86BD-2DFFC038924F}.Debug|Any CPU.ActiveCfg = Debug|Any CPU
		{A5637266-DC87-4247-86BD-2DFFC038924F}.Debug|Any CPU.Build.0 = Debug|Any CPU
		{A5637266-DC87-4247-86BD-2DFFC038924F}.Release|Any CPU.ActiveCfg = Release|Any CPU
		{A5637266-DC87-4247-86BD-2DFFC038924F}.Release|Any CPU.Build.0 = Release|Any CPU
		{A9DF0727-5647-4CBB-A84C-9F3CCE075405}.Debug|Any CPU.ActiveCfg = Debug|Any CPU
		{A9DF0727-5647-4CBB-A84C-9F3CCE075405}.Debug|Any CPU.Build.0 = Debug|Any CPU
		{A9DF0727-5647-4CBB-A84C-9F3CCE075405}.Release|Any CPU.ActiveCfg = Release|Any CPU
		{A9DF0727-5647-4CBB-A84C-9F3CCE075405}.Release|Any CPU.Build.0 = Release|Any CPU
		{FB152630-E574-45DE-9FF4-D47F226AC561}.Debug|Any CPU.ActiveCfg = Debug|Any CPU
		{FB152630-E574-45DE-9FF4-D47F226AC561}.Debug|Any CPU.Build.0 = Debug|Any CPU
		{FB152630-E574-45DE-9FF4-D47F226AC561}.Release|Any CPU.ActiveCfg = Release|Any CPU
		{FB152630-E574-45DE-9FF4-D47F226AC561}.Release|Any CPU.Build.0 = Release|Any CPU
	EndGlobalSection
	GlobalSection(SolutionProperties) = preSolution
		HideSolutionNode = FALSE
	EndGlobalSection
	GlobalSection(ExtensibilityGlobals) = postSolution
		SolutionGuid = {30E8C952-D73B-475F-B48B-647232F31B4A}
	EndGlobalSection
EndGlobal
